{
  "name": "web-features-game",
  "version": "1.0.0",
  "lockfileVersion": 3,
  "requires": true,
  "packages": {
    "": {
      "name": "web-features-game",
      "version": "1.0.0",
      "license": "ISC",
      "dependencies": {
        "web-features": "^3.1.0"
      }
    },
    "node_modules/web-features": {
      "version": "3.1.0",
      "resolved": "https://registry.npmjs.org/web-features/-/web-features-3.1.0.tgz",
      "integrity": "sha512-Qa91dX/87XTWp77zr7pE1LXIaoABtBWH3mxMdPbRzzSe04Q9zx/WKWng/lFPv4IdsztUFPiAqB1JnE+27cDbfw==",
      "license": "Apache-2.0"
    }
  }
}
